
Microsoft Visual Studio Solution File, Format Version 12.00
# Visual Studio 15
VisualStudioVersion = 15.0.27703.2026
MinimumVisualStudioVersion = 10.0.40219.1
Project("{FAE04EC0-301F-11D3-BF4B-00C04F79EFBC}") = "DemoIdentity", "DemoIdentity\DemoIdentity.csproj", "{351F1A1C-B368-40F0-9DE1-492B7CB0B4DA}"
EndProject
Global
	GlobalSection(SolutionConfigurationPlatforms) = preSolution
		Debug|Any CPU = Debug|Any CPU
		Release|Any CPU = Release|Any CPU
	EndGlobalSection
	GlobalSection(ProjectConfigurationPlatforms) = postSolution
		{351F1A1C-B368-40F0-9DE1-492B7CB0B4DA}.Debug|Any CPU.ActiveCfg = Debug|Any CPU
		{351F1A1C-B368-40F0-9DE1-492B7CB0B4DA}.Debug|Any CPU.Build.0 = Debug|Any CPU
		{351F1A1C-B368-40F0-9DE1-492B7CB0B4DA}.Release|Any CPU.ActiveCfg = Release|Any CPU
		{351F1A1C-B368-40F0-9DE1-492B7CB0B4DA}.Release|Any CPU.Build.0 = Release|Any CPU
	EndGlobalSection
	GlobalSection(SolutionProperties) = preSolution
		HideSolutionNode = FALSE
	EndGlobalSection
	GlobalSection(ExtensibilityGlobals) = postSolution
		SolutionGuid = {8053E782-275A-4CF1-A1E0-F13D3DC21ED1}
	EndGlobalSection
EndGlobal
